
Microsoft Visual Studio Solution File, Format Version 12.00
# Visual Studio 14
VisualStudioVersion = 14.0.25420.1
MinimumVisualStudioVersion = 10.0.40219.1
Project("{FAE04EC0-301F-11D3-BF4B-00C04F79EFBC}") = "CommonWordsInAllFilesAPI", "CommonWordsInAllFilesAPI\CommonWordsInAllFilesAPI.csproj", "{2FEDDA8B-381C-49E2-90DF-13C4CD761ADA}"
EndProject
Project("{FAE04EC0-301F-11D3-BF4B-00C04F79EFBC}") = "SelfHostingWithConsole", "SelfHostingWithConsole\SelfHostingWithConsole.csproj", "{6B9A9047-3ABB-4DF5-8482-B1F31EE6EFC7}"
EndProject
Global
	GlobalSection(SolutionConfigurationPlatforms) = preSolution
		Debug|Any CPU = Debug|Any CPU
		Release|Any CPU = Release|Any CPU
	EndGlobalSection
	GlobalSection(ProjectConfigurationPlatforms) = postSolution
		{2FEDDA8B-381C-49E2-90DF-13C4CD761ADA}.Debug|Any CPU.ActiveCfg = Debug|Any CPU
		{2FEDDA8B-381C-49E2-90DF-13C4CD761ADA}.Debug|Any CPU.Build.0 = Debug|Any CPU
		{2FEDDA8B-381C-49E2-90DF-13C4CD761ADA}.Release|Any CPU.ActiveCfg = Release|Any CPU
		{2FEDDA8B-381C-49E2-90DF-13C4CD761ADA}.Release|Any CPU.Build.0 = Release|Any CPU
		{6B9A9047-3ABB-4DF5-8482-B1F31EE6EFC7}.Debug|Any CPU.ActiveCfg = Debug|Any CPU
		{6B9A9047-3ABB-4DF5-8482-B1F31EE6EFC7}.Debug|Any CPU.Build.0 = Debug|Any CPU
		{6B9A9047-3ABB-4DF5-8482-B1F31EE6EFC7}.Release|Any CPU.ActiveCfg = Release|Any CPU
		{6B9A9047-3ABB-4DF5-8482-B1F31EE6EFC7}.Release|Any CPU.Build.0 = Release|Any CPU
	EndGlobalSection
	GlobalSection(SolutionProperties) = preSolution
		HideSolutionNode = FALSE
	EndGlobalSection
EndGlobal
